
Microsoft Visual Studio Solution File, Format Version 12.00
# Visual Studio Version 16
VisualStudioVersion = 16.0.30011.22
MinimumVisualStudioVersion = 10.0.40219.1
Project("{888888A0-9F3D-457C-B088-3A5042F75D52}") = "bottest", "bottest\bottest.pyproj", "{7BD3E589-0007-4348-BCAE-173557530529}"
EndProject
Global
	GlobalSection(SolutionConfigurationPlatforms) = preSolution
		Debug|Any CPU = Debug|Any CPU
		Release|Any CPU = Release|Any CPU
	EndGlobalSection
	GlobalSection(ProjectConfigurationPlatforms) = postSolution
		{7BD3E589-0007-4348-BCAE-173557530529}.Debug|Any CPU.ActiveCfg = Debug|Any CPU
		{7BD3E589-0007-4348-BCAE-173557530529}.Release|Any CPU.ActiveCfg = Release|Any CPU
	EndGlobalSection
	GlobalSection(SolutionProperties) = preSolution
		HideSolutionNode = FALSE
	EndGlobalSection
	GlobalSection(ExtensibilityGlobals) = postSolution
		SolutionGuid = {7A212BDE-0016-458D-B7A1-AC7D3F16F77F}
	EndGlobalSection
EndGlobal
